
Microsoft Visual Studio Solution File, Format Version 12.00
# Visual Studio 15
VisualStudioVersion = 15.0.28307.136
MinimumVisualStudioVersion = 10.0.40219.1
Project("{FAE04EC0-301F-11D3-BF4B-00C04F79EFBC}") = "OdeToFood", "OdeToFood\OdeToFood.csproj", "{6E549188-4832-4F8D-8BFF-64E3AEC0E47B}"
EndProject
Project("{FAE04EC0-301F-11D3-BF4B-00C04F79EFBC}") = "OdeToFood.Core", "OdeToFood.Core\OdeToFood.Core.csproj", "{67224B66-A3FB-4152-98A1-3B85C42ED782}"
EndProject
Project("{FAE04EC0-301F-11D3-BF4B-00C04F79EFBC}") = "OdeToFood.Data", "OdeToFood.Data\OdeToFood.Data.csproj", "{1B0BD628-427B-44E8-BE10-04DB7E97589E}"
EndProject
Global
	GlobalSection(SolutionConfigurationPlatforms) = preSolution
		Debug|Any CPU = Debug|Any CPU
		Release|Any CPU = Release|Any CPU
	EndGlobalSection
	GlobalSection(ProjectConfigurationPlatforms) = postSolution
		{6E549188-4832-4F8D-8BFF-64E3AEC0E47B}.Debug|Any CPU.ActiveCfg = Debug|Any CPU
		{6E549188-4832-4F8D-8BFF-64E3AEC0E47B}.Debug|Any CPU.Build.0 = Debug|Any CPU
		{6E549188-4832-4F8D-8BFF-64E3AEC0E47B}.Release|Any CPU.ActiveCfg = Release|Any CPU
		{6E549188-4832-4F8D-8BFF-64E3AEC0E47B}.Release|Any CPU.Build.0 = Release|Any CPU
		{67224B66-A3FB-4152-98A1-3B85C42ED782}.Debug|Any CPU.ActiveCfg = Debug|Any CPU
		{67224B66-A3FB-4152-98A1-3B85C42ED782}.Debug|Any CPU.Build.0 = Debug|Any CPU
		{67224B66-A3FB-4152-98A1-3B85C42ED782}.Release|Any CPU.ActiveCfg = Release|Any CPU
		{67224B66-A3FB-4152-98A1-3B85C42ED782}.Release|Any CPU.Build.0 = Release|Any CPU
		{1B0BD628-427B-44E8-BE10-04DB7E97589E}.Debug|Any CPU.ActiveCfg = Debug|Any CPU
		{1B0BD628-427B-44E8-BE10-04DB7E97589E}.Debug|Any CPU.Build.0 = Debug|Any CPU
		{1B0BD628-427B-44E8-BE10-04DB7E97589E}.Release|Any CPU.ActiveCfg = Release|Any CPU
		{1B0BD628-427B-44E8-BE10-04DB7E97589E}.Release|Any CPU.Build.0 = Release|Any CPU
	EndGlobalSection
	GlobalSection(SolutionProperties) = preSolution
		HideSolutionNode = FALSE
	EndGlobalSection
	GlobalSection(ExtensibilityGlobals) = postSolution
		SolutionGuid = {8F2B2D7C-057A-4FF2-B1A3-83240575C1ED}
	EndGlobalSection
EndGlobal
